
Microsoft Visual Studio Solution File, Format Version 12.00
# Visual Studio Version 17
VisualStudioVersion = 17.3.32901.215
MinimumVisualStudioVersion = 10.0.40219.1
Project("{FAE04EC0-301F-11D3-BF4B-00C04F79EFBC}") = "LAB ENCAPSULATION", "LAB ENCAPSULATION\LAB ENCAPSULATION.csproj", "{D19E4419-A755-4C13-ADCA-082A7EB9C8D1}"
EndProject
Global
	GlobalSection(SolutionConfigurationPlatforms) = preSolution
		Debug|Any CPU = Debug|Any CPU
		Release|Any CPU = Release|Any CPU
	EndGlobalSection
	GlobalSection(ProjectConfigurationPlatforms) = postSolution
		{D19E4419-A755-4C13-ADCA-082A7EB9C8D1}.Debug|Any CPU.ActiveCfg = Debug|Any CPU
		{D19E4419-A755-4C13-ADCA-082A7EB9C8D1}.Debug|Any CPU.Build.0 = Debug|Any CPU
		{D19E4419-A755-4C13-ADCA-082A7EB9C8D1}.Release|Any CPU.ActiveCfg = Release|Any CPU
		{D19E4419-A755-4C13-ADCA-082A7EB9C8D1}.Release|Any CPU.Build.0 = Release|Any CPU
	EndGlobalSection
	GlobalSection(SolutionProperties) = preSolution
		HideSolutionNode = FALSE
	EndGlobalSection
	GlobalSection(ExtensibilityGlobals) = postSolution
		SolutionGuid = {C0FB4215-BE02-4385-A89F-B464D0249B56}
	EndGlobalSection
EndGlobal
